// !$*UTF8*$!
{
	archiveVersion = 1;
	classes = {
	};
	objectVersion = 46;
	objects = {

/* Begin PBXBuildFile section */
		261DC7271D6447EA006DDA77 /* audio in Resources */ = {isa = PBXBuildFile; fileRef = 261DC7261D6447EA006DDA77 /* audio */; };
		26ED79291D5C175000D6F295 /* AppDelegate.swift in Sources */ = {isa = PBXBuildFile; fileRef = 26ED79281D5C175000D6F295 /* AppDelegate.swift */; };
		26ED792B1D5C175000D6F295 /* ViewController.swift in Sources */ = {isa = PBXBuildFile; fileRef = 26ED792A1D5C175000D6F295 /* ViewController.swift */; };
		26ED792E1D5C175000D6F295 /* Main.storyboard in Resources */ = {isa = PBXBuildFile; fileRef = 26ED792C1D5C175000D6F295 /* Main.storyboard */; };
		26ED79301D5C175000D6F295 /* Assets.xcassets in Resources */ = {isa = PBXBuildFile; fileRef = 26ED792F1D5C175000D6F295 /* Assets.xcassets */; };
		26ED79331D5C175000D6F295 /* LaunchScreen.storyboard in Resources */ = {isa = PBXBuildFile; fileRef = 26ED79311D5C175000D6F295 /* LaunchScreen.storyboard */; };
		26ED793B1D5C177600D6F295 /* AVFoundation.framework in Frameworks */ = {isa = PBXBuildFile; fileRef = 26ED793A1D5C177600D6F295 /* AVFoundation.framework */; };
/* End PBXBuildFile section */

/* Begin PBXFileReference section */
		261DC7261D6447EA006DDA77 /* audio */ = {isa = PBXFileReference; lastKnownFileType = folder; path = audio; sourceTree = "<group>"; };
		26ED79251D5C175000D6F295 /* QRScan.app */ = {isa = PBXFileReference; explicitFileType = wrapper.application; includeInIndex = 0; path = QRScan.app; sourceTree = BUILT_PRODUCTS_DIR; };
		26ED79281D5C175000D6F295 /* AppDelegate.swift */ = {isa = PBXFileReference; lastKnownFileType = sourcecode.swift; path = AppDelegate.swift; sourceTree = "<group>"; };
		26ED792A1D5C175000D6F295 /* ViewController.swift */ = {isa = PBXFileReference; lastKnownFileType = sourcecode.swift; path = ViewController.swift; sourceTree = "<group>"; };
		26ED792D1D5C175000D6F295 /* Base */ = {isa = PBXFileReference; lastKnownFileType = file.storyboard; name = Base; path = Base.lproj/Main.storyboard; sourceTree = "<group>"; };
		26ED792F1D5C175000D6F295 /* Assets.xcassets */ = {isa = PBXFileReference; lastKnownFileType = folder.assetcatalog; path = Assets.xcassets; sourceTree = "<group>"; };
		26ED79321D5C175000D6F295 /* Base */ = {isa = PBXFileReference; lastKnownFileType = file.storyboard; name = Base; path = Base.lproj/LaunchScreen.storyboard; sourceTree = "<group>"; };
		26ED79341D5C175000D6F295 /* Info.plist */ = {isa = PBXFileReference; lastKnownFileType = text.plist.xml; path = Info.plist; sourceTree = "<group>"; };
		26ED793A1D5C177600D6F295 /* AVFoundation.framework */ = {isa = PBXFileReference; lastKnownFileType = wrapper.framework; name = AVFoundation.framework; path = System/Library/Frameworks/AVFoundation.framework; sourceTree = SDKROOT; };
/* End PBXFileReference section */

/* Begin PBXFrameworksBuildPhase section */
		26ED79221D5C175000D6F295 /* Frameworks */ = {
			isa = PBXFrameworksBuildPhase;
			buildActionMask = 2147483647;
			files = (
				26ED793B1D5C177600D6F295 /* AVFoundation.framework in Frameworks */,
			);
			runOnlyForDeploymentPostprocessing = 0;
		};
/* End PBXFrameworksBuildPhase section */

/* Begin PBXGroup section */
		26ED791C1D5C175000D6F295 = {
			isa = PBXGroup;
			children = (
				26ED793A1D5C177600D6F295 /* AVFoundation.framework */,
				26ED79271D5C175000D6F295 /* QRScan */,
				26ED79261D5C175000D6F295 /* Products */,
			);
			sourceTree = "<group>";
		};
		26ED79261D5C175000D6F295 /* Products */ = {
			isa = PBXGroup;
			children = (
				26ED79251D5C175000D6F295 /* QRScan.app */,
			);
			name = Products;
			sourceTree = "<group>";
		};
		26ED79271D5C175000D6F295 /* QRScan */ = {
			isa = PBXGroup;
			children = (
				261DC7261D6447EA006DDA77 /* audio */,
				26ED79281D5C175000D6F295 /* AppDelegate.swift */,
				26ED792A1D5C175000D6F295 /* ViewController.swift */,
				26ED792C1D5C175000D6F295 /* Main.storyboard */,
				26ED792F1D5C175000D6F295 /* Assets.xcassets */,
				26ED79311D5C175000D6F295 /* LaunchScreen.storyboard */,
				26ED79341D5C175000D6F295 /* Info.plist */,
			);
			path = QRScan;
			sourceTree = "<group>";
		};
/* End PBXGroup section */

/* Begin PBXNativeTarget section */
		26ED79241D5C175000D6F295 /* QRScan */ = {
			isa = PBXNativeTarget;
			buildConfigurationList = 26ED79371D5C175000D6F295 /* Build configuration list for PBXNativeTarget "QRScan" */;
			buildPhases = (
				26ED79211D5C175000D6F295 /* Sources */,
				26ED79221D5C175000D6F295 /* Frameworks */,
				26ED79231D5C175000D6F295 /* Resources */,
			);
			buildRules = (
			);
			dependencies = (
			);
			name = QRScan;
			productName = QRScan;
			productReference = 26ED79251D5C175000D6F295 /* QRScan.app */;
			productType = "com.apple.product-type.application";
		};
/* End PBXNativeTarget section */

/* Begin PBXProject section */
		26ED791D1D5C175000D6F295 /* Project object */ = {
			isa = PBXProject;
			attributes = {
				LastSwiftUpdateCheck = 0720;
				LastUpgradeCheck = 0720;
				ORGANIZATIONNAME = MCKEELIN;
				TargetAttributes = {
					26ED79241D5C175000D6F295 = {
						CreatedOnToolsVersion = 7.2;
						DevelopmentTeam = D9KLEDDTR3;
						DevelopmentTeamName = "JingLong Lin";
						LastSwiftMigration = 0800;
					};
				};
			};
			buildConfigurationList = 26ED79201D5C175000D6F295 /* Build configuration list for PBXProject "QRScan" */;
			compatibilityVersion = "Xcode 3.2";
			developmentRegion = English;
			hasScannedForEncodings = 0;
			knownRegions = (
				en,
				Base,
			);
			mainGroup = 26ED791C1D5C175000D6F295;
			productRefGroup = 26ED79261D5C175000D6F295 /* Products */;
			projectDirPath = "";
			projectRoot = "";
			targets = (
				26ED79241D5C175000D6F295 /* QRScan */,
			);
		};
/* End PBXProject section */

/* Begin PBXResourcesBuildPhase section */
		26ED79231D5C175000D6F295 /* Resources */ = {
			isa = PBXResourcesBuildPhase;
			buildActionMask = 2147483647;
			files = (
				26ED79331D5C175000D6F295 /* LaunchScreen.storyboard in Resources */,
				26ED79301D5C175000D6F295 /* Assets.xcassets in Resources */,
				26ED792E1D5C175000D6F295 /* Main.storyboard in Resources */,
				261DC7271D6447EA006DDA77 /* audio in Resources */,
			);
			runOnlyForDeploymentPostprocessing = 0;
		};
/* End PBXResourcesBuildPhase section */

/* Begin PBXSourcesBuildPhase section */
		26ED79211D5C175000D6F295 /* Sources */ = {
			isa = PBXSourcesBuildPhase;
			buildActionMask = 2147483647;
			files = (
				26ED792B1D5C175000D6F295 /* ViewController.swift in Sources */,
				26ED79291D5C175000D6F295 /* AppDelegate.swift in Sources */,
			);
			runOnlyForDeploymentPostprocessing = 0;
		};
/* End PBXSourcesBuildPhase section */

/* Begin PBXVariantGroup section */
		26ED792C1D5C175000D6F295 /* Main.storyboard */ = {
			isa = PBXVariantGroup;
			children = (
				26ED792D1D5C175000D6F295 /* Base */,
			);
			name = Main.storyboard;
			sourceTree = "<group>";
		};
		26ED79311D5C175000D6F295 /* LaunchScreen.storyboard */ = {
			isa = PBXVariantGroup;
			children = (
				26ED79321D5C175000D6F295 /* Base */,
			);
			name = LaunchScreen.storyboard;
			sourceTree = "<group>";
		};
/* End PBXVariantGroup section */

/* Begin XCBuildConfiguration section */
		26ED79351D5C175000D6F295 /* Debug */ = {
			isa = XCBuildConfiguration;
			buildSettings = {
				ALWAYS_SEARCH_USER_PATHS = NO;
				CLANG_CXX_LANGUAGE_STANDARD = "gnu++0x";
				CLANG_CXX_LIBRARY = "libc++";
				CLANG_ENABLE_MODULES = YES;
				CLANG_ENABLE_OBJC_ARC = YES;
				CLANG_WARN_BOOL_CONVERSION = YES;
				CLANG_WARN_CONSTANT_CONVERSION = YES;
				CLANG_WARN_DIRECT_OBJC_ISA_USAGE = YES_ERROR;
				CLANG_WARN_EMPTY_BODY = YES;
				CLANG_WARN_ENUM_CONVERSION = YES;
				CLANG_WARN_INT_CONVERSION = YES;
				CLANG_WARN_OBJC_ROOT_CLASS = YES_ERROR;
				CLANG_WARN_UNREACHABLE_CODE = YES;
				CLANG_WARN__DUPLICATE_METHOD_MATCH = YES;
				"CODE_SIGN_IDENTITY[sdk=iphoneos*]" = "iPhone Developer";
				COPY_PHASE_STRIP = NO;
				DEBUG_INFORMATION_FORMAT = dwarf;
				ENABLE_STRICT_OBJC_MSGSEND = YES;
				ENABLE_TESTABILITY = YES;
				GCC_C_LANGUAGE_STANDARD = gnu99;
				GCC_DYNAMIC_NO_PIC = NO;
				GCC_NO_COMMON_BLOCKS = YES;
				GCC_OPTIMIZATION_LEVEL = 0;
				GCC_PREPROCESSOR_DEFINITIONS = (
					"DEBUG=1",
					"$(inherited)",
				);
				GCC_WARN_64_TO_32_BIT_CONVERSION = YES;
				GCC_WARN_ABOUT_RETURN_TYPE = YES_ERROR;
				GCC_WARN_UNDECLARED_SELECTOR = YES;
				GCC_WARN_UNINITIALIZED_AUTOS = YES_AGGRESSIVE;
				GCC_WARN_UNUSED_FUNCTION = YES;
				GCC_WARN_UNUSED_VARIABLE = YES;
				IPHONEOS_DEPLOYMENT_TARGET = 9.2;
				MTL_ENABLE_DEBUG_INFO = YES;
				ONLY_ACTIVE_ARCH = YES;
				SDKROOT = iphoneos;
				SWIFT_OPTIMIZATION_LEVEL = "-Onone";
				TARGETED_DEVICE_FAMILY = "1,2";
			};
			name = Debug;
		};
		26ED79361D5C175000D6F295 /* Release */ = {
			isa = XCBuildConfiguration;
			buildSettings = {
				ALWAYS_SEARCH_USER_PATHS = NO;
				CLANG_CXX_LANGUAGE_STANDARD = "gnu++0x";
				CLANG_CXX_LIBRARY = "libc++";
				CLANG_ENABLE_MODULES = YES;
				CLANG_ENABLE_OBJC_ARC = YES;
				CLANG_WARN_BOOL_CONVERSION = YES;
				CLANG_WARN_CONSTANT_CONVERSION = YES;
				CLANG_WARN_DIRECT_OBJC_ISA_USAGE = YES_ERROR;
				CLANG_WARN_EMPTY_BODY = YES;
				CLANG_WARN_ENUM_CONVERSION = YES;
				CLANG_WARN_INT_CONVERSION = YES;
				CLANG_WARN_OBJC_ROOT_CLASS = YES_ERROR;
				CLANG_WARN_UNREACHABLE_CODE = YES;
				CLANG_WARN__DUPLICATE_METHOD_MATCH = YES;
				"CODE_SIGN_IDENTITY[sdk=iphoneos*]" = "iPhone Developer";
				COPY_PHASE_STRIP = NO;
				DEBUG_INFORMATION_FORMAT = "dwarf-with-dsym";
				ENABLE_NS_ASSERTIONS = NO;
				ENABLE_STRICT_OBJC_MSGSEND = YES;
				GCC_C_LANGUAGE_STANDARD = gnu99;
				GCC_NO_COMMON_BLOCKS = YES;
				GCC_WARN_64_TO_32_BIT_CONVERSION = YES;
				GCC_WARN_ABOUT_RETURN_TYPE = YES_ERROR;
				GCC_WARN_UNDECLARED_SELECTOR = YES;
				GCC_WARN_UNINITIALIZED_AUTOS = YES_AGGRESSIVE;
				GCC_WARN_UNUSED_FUNCTION = YES;
				GCC_WARN_UNUSED_VARIABLE = YES;
				IPHONEOS_DEPLOYMENT_TARGET = 9.2;
				MTL_ENABLE_DEBUG_INFO = NO;
				SDKROOT = iphoneos;
				TARGETED_DEVICE_FAMILY = "1,2";
				VALIDATE_PRODUCT = YES;
			};
			name = Release;
		};
		26ED79381D5C175000D6F295 /* Debug */ = {
			isa = XCBuildConfiguration;
			buildSettings = {
				ASSETCATALOG_COMPILER_APPICON_NAME = AppIcon;
				INFOPLIST_FILE = QRScan/Info.plist;
				LD_RUNPATH_SEARCH_PATHS = "$(inherited) @executable_path/Frameworks";
				PRODUCT_BUNDLE_IDENTIFIER = com.mckeelin.myscan;
				PRODUCT_NAME = "$(TARGET_NAME)";
				PROVISIONING_PROFILE = "2132d05d-6e22-4f61-8647-affc0259f350";
				SWIFT_VERSION = 3.0;
			};
			name = Debug;
		};
		26ED79391D5C175000D6F295 /* Release */ = {
			isa = XCBuildConfiguration;
			buildSettings = {
				ASSETCATALOG_COMPILER_APPICON_NAME = AppIcon;
				"CODE_SIGN_IDENTITY[sdk=iphoneos*]" = "iPhone Distribution: JingLong Lin (D9KLEDDTR3)";
				INFOPLIST_FILE = QRScan/Info.plist;
				LD_RUNPATH_SEARCH_PATHS = "$(inherited) @executable_path/Frameworks";
				PRODUCT_BUNDLE_IDENTIFIER = com.mckeelin.myscan;
				PRODUCT_NAME = "$(TARGET_NAME)";
				PROVISIONING_PROFILE = "2132d05d-6e22-4f61-8647-affc0259f350";
				SWIFT_VERSION = 3.0;
			};
			name = Release;
		};
/* End XCBuildConfiguration section */

/* Begin XCConfigurationList section */
		26ED79201D5C175000D6F295 /* Build configuration list for PBXProject "QRScan" */ = {
			isa = XCConfigurationList;
			buildConfigurations = (
				26ED79351D5C175000D6F295 /* Debug */,
				26ED79361D5C175000D6F295 /* Release */,
			);
			defaultConfigurationIsVisible = 0;
			defaultConfigurationName = Release;
		};
		26ED79371D5C175000D6F295 /* Build configuration list for PBXNativeTarget "QRScan" */ = {
			isa = XCConfigurationList;
			buildConfigurations = (
				26ED79381D5C175000D6F295 /* Debug */,
				26ED79391D5C175000D6F295 /* Release */,
			);
			defaultConfigurationIsVisible = 0;
			defaultConfigurationName = Release;
		};
/* End XCConfigurationList section */
	};
	rootObject = 26ED791D1D5C175000D6F295 /* Project object */;
}
